
Microsoft Visual Studio Solution File, Format Version 12.00
# Visual Studio 15
VisualStudioVersion = 15.0.27428.2037
MinimumVisualStudioVersion = 10.0.40219.1
Project("{FAE04EC0-301F-11D3-BF4B-00C04F79EFBC}") = "vtt", "vtt\vtt.csproj", "{1466FD7C-59FF-4767-B093-FDB1B66792B0}"
EndProject
Global
	GlobalSection(SolutionConfigurationPlatforms) = preSolution
		Debug|Any CPU = Debug|Any CPU
		Release|Any CPU = Release|Any CPU
	EndGlobalSection
	GlobalSection(ProjectConfigurationPlatforms) = postSolution
		{1466FD7C-59FF-4767-B093-FDB1B66792B0}.Debug|Any CPU.ActiveCfg = Debug|Any CPU
		{1466FD7C-59FF-4767-B093-FDB1B66792B0}.Debug|Any CPU.Build.0 = Debug|Any CPU
		{1466FD7C-59FF-4767-B093-FDB1B66792B0}.Release|Any CPU.ActiveCfg = Release|Any CPU
		{1466FD7C-59FF-4767-B093-FDB1B66792B0}.Release|Any CPU.Build.0 = Release|Any CPU
	EndGlobalSection
	GlobalSection(SolutionProperties) = preSolution
		HideSolutionNode = FALSE
	EndGlobalSection
	GlobalSection(ExtensibilityGlobals) = postSolution
		SolutionGuid = {08F1A14A-D299-4B15-A0BC-20541A8BC6BF}
	EndGlobalSection
EndGlobal
